# This file was autogenerated by Stack.
# You should not edit this file by hand.
# For more information, please see the documentation at:
#   https://docs.haskellstack.org/en/stable/lock_files

packages:
- completed:
    hackage: sandi-0.5@sha256:b278d072ca717706ea38f9bd646e023f7f2576a778fb43565b434f93638849aa,3010
    pantry-tree:
      size: 3455
      sha256: 5ca7ce4bc22ab9d4427bb149b5e283ab9db43375df14f7131fdfd48775f36350
  original:
    hackage: sandi-0.5
- completed:
    hackage: keccak-0.2.0@sha256:9200f86e8f6ed329e85bae8c704ad796c4b006ef83da396fa6b9c9b8037de33a,2418
    pantry-tree:
      size: 573
      sha256: 484821eaf28e33f3576ad2e48bacde61deac9d129a24d48ce7026f1c103622d2
  original:
    hackage: keccak-0.2.0
snapshots:
- completed:
    size: 532414
    url: https://raw.githubusercontent.com/commercialhaskell/stackage-snapshots/master/lts/16/22.yaml
    sha256: e483fb88549fc0f454c190979bf35ac91c7aceff2c0e71e7d8edd11842d772d8
  original: lts-16.22
